
Microsoft Visual Studio Solution File, Format Version 12.00
# Visual Studio Version 16
VisualStudioVersion = 25.0.1705.6
MinimumVisualStudioVersion = 10.0.40219.1
Project("{FAE04EC0-301F-11D3-BF4B-00C04F79EFBC}") = "employee-mgmt", "employee-mgmt.csproj", "{D8EEBE66-8394-4AFD-9825-B709259AB9B6}"
EndProject
Global
	GlobalSection(SolutionConfigurationPlatforms) = preSolution
		Debug|Any CPU = Debug|Any CPU
		Release|Any CPU = Release|Any CPU
	EndGlobalSection
	GlobalSection(ProjectConfigurationPlatforms) = postSolution
		{D8EEBE66-8394-4AFD-9825-B709259AB9B6}.Debug|Any CPU.ActiveCfg = Debug|Any CPU
		{D8EEBE66-8394-4AFD-9825-B709259AB9B6}.Debug|Any CPU.Build.0 = Debug|Any CPU
		{D8EEBE66-8394-4AFD-9825-B709259AB9B6}.Release|Any CPU.ActiveCfg = Release|Any CPU
		{D8EEBE66-8394-4AFD-9825-B709259AB9B6}.Release|Any CPU.Build.0 = Release|Any CPU
	EndGlobalSection
	GlobalSection(SolutionProperties) = preSolution
		HideSolutionNode = FALSE
	EndGlobalSection
	GlobalSection(ExtensibilityGlobals) = postSolution
		SolutionGuid = {D6C34B5C-4CE7-4589-A1ED-C6F2AE9BCB33}
	EndGlobalSection
EndGlobal
